
Microsoft Visual Studio Solution File, Format Version 12.00
# Visual Studio Version 17
VisualStudioVersion = 17.11.35222.181
MinimumVisualStudioVersion = 10.0.40219.1
Project("{8BC9CEB8-8B4A-11D0-8D11-00A0C91BC942}") = "FIO", "FIO\FIO.vcxproj", "{12D741B9-010C-4C8A-98F7-69E2459C51FB}"
EndProject
Project("{8BC9CEB8-8B4A-11D0-8D11-00A0C91BC942}") = "Date", "Date\Date.vcxproj", "{5D6FCF59-1CF4-46CA-84BF-9D1AE094514B}"
EndProject
Project("{8BC9CEB8-8B4A-11D0-8D11-00A0C91BC942}") = "Document", "Document\Document.vcxproj", "{F3175AB1-A55A-478E-9556-5D9B2EBFEB63}"
EndProject
Project("{8BC9CEB8-8B4A-11D0-8D11-00A0C91BC942}") = "Contacts", "Contacts\Contacts.vcxproj", "{4CEB6463-6C9A-4AFA-AFF9-CC1848ABD51B}"
EndProject
Project("{8BC9CEB8-8B4A-11D0-8D11-00A0C91BC942}") = "Person", "Person\Person.vcxproj", "{7D410888-5F09-4182-A4F6-B8D6893A8844}"
EndProject
Project("{8BC9CEB8-8B4A-11D0-8D11-00A0C91BC942}") = "Employee", "Employee\Employee.vcxproj", "{3FE7A2D2-855B-4230-86AA-7822FAF5C99D}"
EndProject
Project("{8BC9CEB8-8B4A-11D0-8D11-00A0C91BC942}") = "Buyer", "Buyer\Buyer.vcxproj", "{09BC92E2-69D5-4ED0-8665-A374B828382A}"
EndProject
Project("{8BC9CEB8-8B4A-11D0-8D11-00A0C91BC942}") = "RegisteredBuyer", "RegisteredBuyer\RegisteredBuyer.vcxproj", "{F3DA0ABD-31D9-4A85-9318-2D46F346CE77}"
EndProject
Project("{8BC9CEB8-8B4A-11D0-8D11-00A0C91BC942}") = "Product", "Product\Product.vcxproj", "{6154DFD1-9553-42ED-8451-39B2E37EF410}"
EndProject
Project("{8BC9CEB8-8B4A-11D0-8D11-00A0C91BC942}") = "Order", "Order\Order.vcxproj", "{7AAF0F49-1984-46C8-BB96-E7DA419795AC}"
EndProject
Project("{8BC9CEB8-8B4A-11D0-8D11-00A0C91BC942}") = "Shop", "Shop\Shop.vcxproj", "{248BEC61-4A4C-431D-A4DA-2920B00CDAFD}"
EndProject
Project("{8BC9CEB8-8B4A-11D0-8D11-00A0C91BC942}") = "Delivery", "Delivery\Delivery.vcxproj", "{84A06A99-4DD6-457B-A470-86E7D20822CA}"
EndProject
Project("{8BC9CEB8-8B4A-11D0-8D11-00A0C91BC942}") = "Feedback", "Feedback\Feedback.vcxproj", "{37B5DE07-A5BA-492E-B5A8-0CCA9A3F1A48}"
EndProject
Global
	GlobalSection(SolutionConfigurationPlatforms) = preSolution
		Debug|x64 = Debug|x64
		Debug|x86 = Debug|x86
		Release|x64 = Release|x64
		Release|x86 = Release|x86
	EndGlobalSection
	GlobalSection(ProjectConfigurationPlatforms) = postSolution
		{12D741B9-010C-4C8A-98F7-69E2459C51FB}.Debug|x64.ActiveCfg = Debug|x64
		{12D741B9-010C-4C8A-98F7-69E2459C51FB}.Debug|x64.Build.0 = Debug|x64
		{12D741B9-010C-4C8A-98F7-69E2459C51FB}.Debug|x86.ActiveCfg = Debug|Win32
		{12D741B9-010C-4C8A-98F7-69E2459C51FB}.Debug|x86.Build.0 = Debug|Win32
		{12D741B9-010C-4C8A-98F7-69E2459C51FB}.Release|x64.ActiveCfg = Release|x64
		{12D741B9-010C-4C8A-98F7-69E2459C51FB}.Release|x64.Build.0 = Release|x64
		{12D741B9-010C-4C8A-98F7-69E2459C51FB}.Release|x86.ActiveCfg = Release|Win32
		{12D741B9-010C-4C8A-98F7-69E2459C51FB}.Release|x86.Build.0 = Release|Win32
		{5D6FCF59-1CF4-46CA-84BF-9D1AE094514B}.Debug|x64.ActiveCfg = Debug|x64
		{5D6FCF59-1CF4-46CA-84BF-9D1AE094514B}.Debug|x64.Build.0 = Debug|x64
		{5D6FCF59-1CF4-46CA-84BF-9D1AE094514B}.Debug|x86.ActiveCfg = Debug|Win32
		{5D6FCF59-1CF4-46CA-84BF-9D1AE094514B}.Debug|x86.Build.0 = Debug|Win32
		{5D6FCF59-1CF4-46CA-84BF-9D1AE094514B}.Release|x64.ActiveCfg = Release|x64
		{5D6FCF59-1CF4-46CA-84BF-9D1AE094514B}.Release|x64.Build.0 = Release|x64
		{5D6FCF59-1CF4-46CA-84BF-9D1AE094514B}.Release|x86.ActiveCfg = Release|Win32
		{5D6FCF59-1CF4-46CA-84BF-9D1AE094514B}.Release|x86.Build.0 = Release|Win32
		{F3175AB1-A55A-478E-9556-5D9B2EBFEB63}.Debug|x64.ActiveCfg = Debug|x64
		{F3175AB1-A55A-478E-9556-5D9B2EBFEB63}.Debug|x64.Build.0 = Debug|x64
		{F3175AB1-A55A-478E-9556-5D9B2EBFEB63}.Debug|x86.ActiveCfg = Debug|Win32
		{F3175AB1-A55A-478E-9556-5D9B2EBFEB63}.Debug|x86.Build.0 = Debug|Win32
		{F3175AB1-A55A-478E-9556-5D9B2EBFEB63}.Release|x64.ActiveCfg = Release|x64
		{F3175AB1-A55A-478E-9556-5D9B2EBFEB63}.Release|x64.Build.0 = Release|x64
		{F3175AB1-A55A-478E-9556-5D9B2EBFEB63}.Release|x86.ActiveCfg = Release|Win32
		{F3175AB1-A55A-478E-9556-5D9B2EBFEB63}.Release|x86.Build.0 = Release|Win32
		{4CEB6463-6C9A-4AFA-AFF9-CC1848ABD51B}.Debug|x64.ActiveCfg = Debug|x64
		{4CEB6463-6C9A-4AFA-AFF9-CC1848ABD51B}.Debug|x64.Build.0 = Debug|x64
		{4CEB6463-6C9A-4AFA-AFF9-CC1848ABD51B}.Debug|x86.ActiveCfg = Debug|Win32
		{4CEB6463-6C9A-4AFA-AFF9-CC1848ABD51B}.Debug|x86.Build.0 = Debug|Win32
		{4CEB6463-6C9A-4AFA-AFF9-CC1848ABD51B}.Release|x64.ActiveCfg = Release|x64
		{4CEB6463-6C9A-4AFA-AFF9-CC1848ABD51B}.Release|x64.Build.0 = Release|x64
		{4CEB6463-6C9A-4AFA-AFF9-CC1848ABD51B}.Release|x86.ActiveCfg = Release|Win32
		{4CEB6463-6C9A-4AFA-AFF9-CC1848ABD51B}.Release|x86.Build.0 = Release|Win32
		{7D410888-5F09-4182-A4F6-B8D6893A8844}.Debug|x64.ActiveCfg = Debug|x64
		{7D410888-5F09-4182-A4F6-B8D6893A8844}.Debug|x64.Build.0 = Debug|x64
		{7D410888-5F09-4182-A4F6-B8D6893A8844}.Debug|x86.ActiveCfg = Debug|Win32
		{7D410888-5F09-4182-A4F6-B8D6893A8844}.Debug|x86.Build.0 = Debug|Win32
		{7D410888-5F09-4182-A4F6-B8D6893A8844}.Release|x64.ActiveCfg = Release|x64
		{7D410888-5F09-4182-A4F6-B8D6893A8844}.Release|x64.Build.0 = Release|x64
		{7D410888-5F09-4182-A4F6-B8D6893A8844}.Release|x86.ActiveCfg = Release|Win32
		{7D410888-5F09-4182-A4F6-B8D6893A8844}.Release|x86.Build.0 = Release|Win32
		{3FE7A2D2-855B-4230-86AA-7822FAF5C99D}.Debug|x64.ActiveCfg = Debug|x64
		{3FE7A2D2-855B-4230-86AA-7822FAF5C99D}.Debug|x64.Build.0 = Debug|x64
		{3FE7A2D2-855B-4230-86AA-7822FAF5C99D}.Debug|x86.ActiveCfg = Debug|Win32
		{3FE7A2D2-855B-4230-86AA-7822FAF5C99D}.Debug|x86.Build.0 = Debug|Win32
		{3FE7A2D2-855B-4230-86AA-7822FAF5C99D}.Release|x64.ActiveCfg = Release|x64
		{3FE7A2D2-855B-4230-86AA-7822FAF5C99D}.Release|x64.Build.0 = Release|x64
		{3FE7A2D2-855B-4230-86AA-7822FAF5C99D}.Release|x86.ActiveCfg = Release|Win32
		{3FE7A2D2-855B-4230-86AA-7822FAF5C99D}.Release|x86.Build.0 = Release|Win32
		{09BC92E2-69D5-4ED0-8665-A374B828382A}.Debug|x64.ActiveCfg = Debug|x64
		{09BC92E2-69D5-4ED0-8665-A374B828382A}.Debug|x64.Build.0 = Debug|x64
		{09BC92E2-69D5-4ED0-8665-A374B828382A}.Debug|x86.ActiveCfg = Debug|Win32
		{09BC92E2-69D5-4ED0-8665-A374B828382A}.Debug|x86.Build.0 = Debug|Win32
		{09BC92E2-69D5-4ED0-8665-A374B828382A}.Release|x64.ActiveCfg = Release|x64
		{09BC92E2-69D5-4ED0-8665-A374B828382A}.Release|x64.Build.0 = Release|x64
		{09BC92E2-69D5-4ED0-8665-A374B828382A}.Release|x86.ActiveCfg = Release|Win32
		{09BC92E2-69D5-4ED0-8665-A374B828382A}.Release|x86.Build.0 = Release|Win32
		{F3DA0ABD-31D9-4A85-9318-2D46F346CE77}.Debug|x64.ActiveCfg = Debug|x64
		{F3DA0ABD-31D9-4A85-9318-2D46F346CE77}.Debug|x64.Build.0 = Debug|x64
		{F3DA0ABD-31D9-4A85-9318-2D46F346CE77}.Debug|x86.ActiveCfg = Debug|Win32
		{F3DA0ABD-31D9-4A85-9318-2D46F346CE77}.Debug|x86.Build.0 = Debug|Win32
		{F3DA0ABD-31D9-4A85-9318-2D46F346CE77}.Release|x64.ActiveCfg = Release|x64
		{F3DA0ABD-31D9-4A85-9318-2D46F346CE77}.Release|x64.Build.0 = Release|x64
		{F3DA0ABD-31D9-4A85-9318-2D46F346CE77}.Release|x86.ActiveCfg = Release|Win32
		{F3DA0ABD-31D9-4A85-9318-2D46F346CE77}.Release|x86.Build.0 = Release|Win32
		{6154DFD1-9553-42ED-8451-39B2E37EF410}.Debug|x64.ActiveCfg = Debug|x64
		{6154DFD1-9553-42ED-8451-39B2E37EF410}.Debug|x64.Build.0 = Debug|x64
		{6154DFD1-9553-42ED-8451-39B2E37EF410}.Debug|x86.ActiveCfg = Debug|Win32
		{6154DFD1-9553-42ED-8451-39B2E37EF410}.Debug|x86.Build.0 = Debug|Win32
		{6154DFD1-9553-42ED-8451-39B2E37EF410}.Release|x64.ActiveCfg = Release|x64
		{6154DFD1-9553-42ED-8451-39B2E37EF410}.Release|x64.Build.0 = Release|x64
		{6154DFD1-9553-42ED-8451-39B2E37EF410}.Release|x86.ActiveCfg = Release|Win32
		{6154DFD1-9553-42ED-8451-39B2E37EF410}.Release|x86.Build.0 = Release|Win32
		{7AAF0F49-1984-46C8-BB96-E7DA419795AC}.Debug|x64.ActiveCfg = Debug|x64
		{7AAF0F49-1984-46C8-BB96-E7DA419795AC}.Debug|x64.Build.0 = Debug|x64
		{7AAF0F49-1984-46C8-BB96-E7DA419795AC}.Debug|x86.ActiveCfg = Debug|Win32
		{7AAF0F49-1984-46C8-BB96-E7DA419795AC}.Debug|x86.Build.0 = Debug|Win32
		{7AAF0F49-1984-46C8-BB96-E7DA419795AC}.Release|x64.ActiveCfg = Release|x64
		{7AAF0F49-1984-46C8-BB96-E7DA419795AC}.Release|x64.Build.0 = Release|x64
		{7AAF0F49-1984-46C8-BB96-E7DA419795AC}.Release|x86.ActiveCfg = Release|Win32
		{7AAF0F49-1984-46C8-BB96-E7DA419795AC}.Release|x86.Build.0 = Release|Win32
		{248BEC61-4A4C-431D-A4DA-2920B00CDAFD}.Debug|x64.ActiveCfg = Debug|x64
		{248BEC61-4A4C-431D-A4DA-2920B00CDAFD}.Debug|x64.Build.0 = Debug|x64
		{248BEC61-4A4C-431D-A4DA-2920B00CDAFD}.Debug|x86.ActiveCfg = Debug|Win32
		{248BEC61-4A4C-431D-A4DA-2920B00CDAFD}.Debug|x86.Build.0 = Debug|Win32
		{248BEC61-4A4C-431D-A4DA-2920B00CDAFD}.Release|x64.ActiveCfg = Release|x64
		{248BEC61-4A4C-431D-A4DA-2920B00CDAFD}.Release|x64.Build.0 = Release|x64
		{248BEC61-4A4C-431D-A4DA-2920B00CDAFD}.Release|x86.ActiveCfg = Release|Win32
		{248BEC61-4A4C-431D-A4DA-2920B00CDAFD}.Release|x86.Build.0 = Release|Win32
		{84A06A99-4DD6-457B-A470-86E7D20822CA}.Debug|x64.ActiveCfg = Debug|x64
		{84A06A99-4DD6-457B-A470-86E7D20822CA}.Debug|x64.Build.0 = Debug|x64
		{84A06A99-4DD6-457B-A470-86E7D20822CA}.Debug|x86.ActiveCfg = Debug|Win32
		{84A06A99-4DD6-457B-A470-86E7D20822CA}.Debug|x86.Build.0 = Debug|Win32
		{84A06A99-4DD6-457B-A470-86E7D20822CA}.Release|x64.ActiveCfg = Release|x64
		{84A06A99-4DD6-457B-A470-86E7D20822CA}.Release|x64.Build.0 = Release|x64
		{84A06A99-4DD6-457B-A470-86E7D20822CA}.Release|x86.ActiveCfg = Release|Win32
		{84A06A99-4DD6-457B-A470-86E7D20822CA}.Release|x86.Build.0 = Release|Win32
		{37B5DE07-A5BA-492E-B5A8-0CCA9A3F1A48}.Debug|x64.ActiveCfg = Debug|x64
		{37B5DE07-A5BA-492E-B5A8-0CCA9A3F1A48}.Debug|x64.Build.0 = Debug|x64
		{37B5DE07-A5BA-492E-B5A8-0CCA9A3F1A48}.Debug|x86.ActiveCfg = Debug|Win32
		{37B5DE07-A5BA-492E-B5A8-0CCA9A3F1A48}.Debug|x86.Build.0 = Debug|Win32
		{37B5DE07-A5BA-492E-B5A8-0CCA9A3F1A48}.Release|x64.ActiveCfg = Release|x64
		{37B5DE07-A5BA-492E-B5A8-0CCA9A3F1A48}.Release|x64.Build.0 = Release|x64
		{37B5DE07-A5BA-492E-B5A8-0CCA9A3F1A48}.Release|x86.ActiveCfg = Release|Win32
		{37B5DE07-A5BA-492E-B5A8-0CCA9A3F1A48}.Release|x86.Build.0 = Release|Win32
	EndGlobalSection
	GlobalSection(SolutionProperties) = preSolution
		HideSolutionNode = FALSE
	EndGlobalSection
	GlobalSection(ExtensibilityGlobals) = postSolution
		SolutionGuid = {4136A14A-7112-4581-88AE-420A748393BB}
	EndGlobalSection
EndGlobal
