
Microsoft Visual Studio Solution File, Format Version 12.00
# Visual Studio Version 17
VisualStudioVersion = 17.11.35222.181
MinimumVisualStudioVersion = 10.0.40219.1
Project("{8BC9CEB8-8B4A-11D0-8D11-00A0C91BC942}") = "CosmeticsAndPerfumes", "CosmeticsAndPerfumes\CosmeticsAndPerfumes.vcxproj", "{978DC87E-B554-48CB-A2AA-CAEFCA16A91E}"
EndProject
Project("{8BC9CEB8-8B4A-11D0-8D11-00A0C91BC942}") = "Buyer", "Buyer\Buyer.vcxproj", "{0CA29C76-55E7-48EC-A5BA-ADDA1A3541B0}"
EndProject
Project("{8BC9CEB8-8B4A-11D0-8D11-00A0C91BC942}") = "Contacts", "Contacts\Contacts.vcxproj", "{00FDBC04-14C7-4187-B5AC-42B89FA7C651}"
EndProject
Project("{8BC9CEB8-8B4A-11D0-8D11-00A0C91BC942}") = "Date", "Date\Date.vcxproj", "{CC163E2E-7C18-4074-85CE-9B40B3B8BD95}"
EndProject
Project("{8BC9CEB8-8B4A-11D0-8D11-00A0C91BC942}") = "Delivery", "Delivery\Delivery.vcxproj", "{7E94593C-1539-4BFB-AF44-BC2662B8702E}"
EndProject
Project("{8BC9CEB8-8B4A-11D0-8D11-00A0C91BC942}") = "Document", "Document\Document.vcxproj", "{1A4CF768-0C8C-4AC4-868E-2EED187C16EF}"
EndProject
Project("{8BC9CEB8-8B4A-11D0-8D11-00A0C91BC942}") = "Employee", "Employee\Employee.vcxproj", "{7E9BF6F3-CAA3-4062-A7A5-811AFF66BB6A}"
EndProject
Project("{8BC9CEB8-8B4A-11D0-8D11-00A0C91BC942}") = "FIO", "FIO\FIO.vcxproj", "{8F72A226-707F-4D06-B825-4F305011A349}"
EndProject
Project("{8BC9CEB8-8B4A-11D0-8D11-00A0C91BC942}") = "Feedback", "Feedback\Feedback.vcxproj", "{3B4F52AA-1002-4E2C-A63C-AA77729B67D1}"
EndProject
Project("{8BC9CEB8-8B4A-11D0-8D11-00A0C91BC942}") = "Order", "Order\Order.vcxproj", "{7B0A7AF8-F24B-458E-AE04-53D14BDB4A0C}"
EndProject
Project("{8BC9CEB8-8B4A-11D0-8D11-00A0C91BC942}") = "Person", "Person\Person.vcxproj", "{5BA23E01-8600-4F43-BCBF-C56527C89C2C}"
EndProject
Project("{8BC9CEB8-8B4A-11D0-8D11-00A0C91BC942}") = "Product", "Product\Product.vcxproj", "{B28F8732-399D-4B7E-A549-77B343ABA4A8}"
EndProject
Project("{8BC9CEB8-8B4A-11D0-8D11-00A0C91BC942}") = "RegisteredBuyer", "RegisteredBuyer\RegisteredBuyer.vcxproj", "{BBF9B13A-47BA-48B9-B76A-32C235380AFB}"
EndProject
Project("{8BC9CEB8-8B4A-11D0-8D11-00A0C91BC942}") = "Shop", "Shop\Shop.vcxproj", "{4B5E7C81-8139-4A36-8975-78FD738660BC}"
EndProject
Project("{8BC9CEB8-8B4A-11D0-8D11-00A0C91BC942}") = "Time", "Time\Time.vcxproj", "{033AE074-F1D8-4F80-841D-FFF345DFEC44}"
EndProject
Global
	GlobalSection(SolutionConfigurationPlatforms) = preSolution
		Debug|x64 = Debug|x64
		Debug|x86 = Debug|x86
		Release|x64 = Release|x64
		Release|x86 = Release|x86
	EndGlobalSection
	GlobalSection(ProjectConfigurationPlatforms) = postSolution
		{978DC87E-B554-48CB-A2AA-CAEFCA16A91E}.Debug|x64.ActiveCfg = Debug|x64
		{978DC87E-B554-48CB-A2AA-CAEFCA16A91E}.Debug|x64.Build.0 = Debug|x64
		{978DC87E-B554-48CB-A2AA-CAEFCA16A91E}.Debug|x86.ActiveCfg = Debug|Win32
		{978DC87E-B554-48CB-A2AA-CAEFCA16A91E}.Debug|x86.Build.0 = Debug|Win32
		{978DC87E-B554-48CB-A2AA-CAEFCA16A91E}.Release|x64.ActiveCfg = Release|x64
		{978DC87E-B554-48CB-A2AA-CAEFCA16A91E}.Release|x64.Build.0 = Release|x64
		{978DC87E-B554-48CB-A2AA-CAEFCA16A91E}.Release|x86.ActiveCfg = Release|Win32
		{978DC87E-B554-48CB-A2AA-CAEFCA16A91E}.Release|x86.Build.0 = Release|Win32
		{0CA29C76-55E7-48EC-A5BA-ADDA1A3541B0}.Debug|x64.ActiveCfg = Debug|x64
		{0CA29C76-55E7-48EC-A5BA-ADDA1A3541B0}.Debug|x64.Build.0 = Debug|x64
		{0CA29C76-55E7-48EC-A5BA-ADDA1A3541B0}.Debug|x86.ActiveCfg = Debug|Win32
		{0CA29C76-55E7-48EC-A5BA-ADDA1A3541B0}.Debug|x86.Build.0 = Debug|Win32
		{0CA29C76-55E7-48EC-A5BA-ADDA1A3541B0}.Release|x64.ActiveCfg = Release|x64
		{0CA29C76-55E7-48EC-A5BA-ADDA1A3541B0}.Release|x64.Build.0 = Release|x64
		{0CA29C76-55E7-48EC-A5BA-ADDA1A3541B0}.Release|x86.ActiveCfg = Release|Win32
		{0CA29C76-55E7-48EC-A5BA-ADDA1A3541B0}.Release|x86.Build.0 = Release|Win32
		{00FDBC04-14C7-4187-B5AC-42B89FA7C651}.Debug|x64.ActiveCfg = Debug|x64
		{00FDBC04-14C7-4187-B5AC-42B89FA7C651}.Debug|x64.Build.0 = Debug|x64
		{00FDBC04-14C7-4187-B5AC-42B89FA7C651}.Debug|x86.ActiveCfg = Debug|Win32
		{00FDBC04-14C7-4187-B5AC-42B89FA7C651}.Debug|x86.Build.0 = Debug|Win32
		{00FDBC04-14C7-4187-B5AC-42B89FA7C651}.Release|x64.ActiveCfg = Release|x64
		{00FDBC04-14C7-4187-B5AC-42B89FA7C651}.Release|x64.Build.0 = Release|x64
		{00FDBC04-14C7-4187-B5AC-42B89FA7C651}.Release|x86.ActiveCfg = Release|Win32
		{00FDBC04-14C7-4187-B5AC-42B89FA7C651}.Release|x86.Build.0 = Release|Win32
		{CC163E2E-7C18-4074-85CE-9B40B3B8BD95}.Debug|x64.ActiveCfg = Debug|x64
		{CC163E2E-7C18-4074-85CE-9B40B3B8BD95}.Debug|x64.Build.0 = Debug|x64
		{CC163E2E-7C18-4074-85CE-9B40B3B8BD95}.Debug|x86.ActiveCfg = Debug|Win32
		{CC163E2E-7C18-4074-85CE-9B40B3B8BD95}.Debug|x86.Build.0 = Debug|Win32
		{CC163E2E-7C18-4074-85CE-9B40B3B8BD95}.Release|x64.ActiveCfg = Release|x64
		{CC163E2E-7C18-4074-85CE-9B40B3B8BD95}.Release|x64.Build.0 = Release|x64
		{CC163E2E-7C18-4074-85CE-9B40B3B8BD95}.Release|x86.ActiveCfg = Release|Win32
		{CC163E2E-7C18-4074-85CE-9B40B3B8BD95}.Release|x86.Build.0 = Release|Win32
		{7E94593C-1539-4BFB-AF44-BC2662B8702E}.Debug|x64.ActiveCfg = Debug|x64
		{7E94593C-1539-4BFB-AF44-BC2662B8702E}.Debug|x64.Build.0 = Debug|x64
		{7E94593C-1539-4BFB-AF44-BC2662B8702E}.Debug|x86.ActiveCfg = Debug|Win32
		{7E94593C-1539-4BFB-AF44-BC2662B8702E}.Debug|x86.Build.0 = Debug|Win32
		{7E94593C-1539-4BFB-AF44-BC2662B8702E}.Release|x64.ActiveCfg = Release|x64
		{7E94593C-1539-4BFB-AF44-BC2662B8702E}.Release|x64.Build.0 = Release|x64
		{7E94593C-1539-4BFB-AF44-BC2662B8702E}.Release|x86.ActiveCfg = Release|Win32
		{7E94593C-1539-4BFB-AF44-BC2662B8702E}.Release|x86.Build.0 = Release|Win32
		{1A4CF768-0C8C-4AC4-868E-2EED187C16EF}.Debug|x64.ActiveCfg = Debug|x64
		{1A4CF768-0C8C-4AC4-868E-2EED187C16EF}.Debug|x64.Build.0 = Debug|x64
		{1A4CF768-0C8C-4AC4-868E-2EED187C16EF}.Debug|x86.ActiveCfg = Debug|Win32
		{1A4CF768-0C8C-4AC4-868E-2EED187C16EF}.Debug|x86.Build.0 = Debug|Win32
		{1A4CF768-0C8C-4AC4-868E-2EED187C16EF}.Release|x64.ActiveCfg = Release|x64
		{1A4CF768-0C8C-4AC4-868E-2EED187C16EF}.Release|x64.Build.0 = Release|x64
		{1A4CF768-0C8C-4AC4-868E-2EED187C16EF}.Release|x86.ActiveCfg = Release|Win32
		{1A4CF768-0C8C-4AC4-868E-2EED187C16EF}.Release|x86.Build.0 = Release|Win32
		{7E9BF6F3-CAA3-4062-A7A5-811AFF66BB6A}.Debug|x64.ActiveCfg = Debug|x64
		{7E9BF6F3-CAA3-4062-A7A5-811AFF66BB6A}.Debug|x64.Build.0 = Debug|x64
		{7E9BF6F3-CAA3-4062-A7A5-811AFF66BB6A}.Debug|x86.ActiveCfg = Debug|Win32
		{7E9BF6F3-CAA3-4062-A7A5-811AFF66BB6A}.Debug|x86.Build.0 = Debug|Win32
		{7E9BF6F3-CAA3-4062-A7A5-811AFF66BB6A}.Release|x64.ActiveCfg = Release|x64
		{7E9BF6F3-CAA3-4062-A7A5-811AFF66BB6A}.Release|x64.Build.0 = Release|x64
		{7E9BF6F3-CAA3-4062-A7A5-811AFF66BB6A}.Release|x86.ActiveCfg = Release|Win32
		{7E9BF6F3-CAA3-4062-A7A5-811AFF66BB6A}.Release|x86.Build.0 = Release|Win32
		{8F72A226-707F-4D06-B825-4F305011A349}.Debug|x64.ActiveCfg = Debug|x64
		{8F72A226-707F-4D06-B825-4F305011A349}.Debug|x64.Build.0 = Debug|x64
		{8F72A226-707F-4D06-B825-4F305011A349}.Debug|x86.ActiveCfg = Debug|Win32
		{8F72A226-707F-4D06-B825-4F305011A349}.Debug|x86.Build.0 = Debug|Win32
		{8F72A226-707F-4D06-B825-4F305011A349}.Release|x64.ActiveCfg = Release|x64
		{8F72A226-707F-4D06-B825-4F305011A349}.Release|x64.Build.0 = Release|x64
		{8F72A226-707F-4D06-B825-4F305011A349}.Release|x86.ActiveCfg = Release|Win32
		{8F72A226-707F-4D06-B825-4F305011A349}.Release|x86.Build.0 = Release|Win32
		{3B4F52AA-1002-4E2C-A63C-AA77729B67D1}.Debug|x64.ActiveCfg = Debug|x64
		{3B4F52AA-1002-4E2C-A63C-AA77729B67D1}.Debug|x64.Build.0 = Debug|x64
		{3B4F52AA-1002-4E2C-A63C-AA77729B67D1}.Debug|x86.ActiveCfg = Debug|Win32
		{3B4F52AA-1002-4E2C-A63C-AA77729B67D1}.Debug|x86.Build.0 = Debug|Win32
		{3B4F52AA-1002-4E2C-A63C-AA77729B67D1}.Release|x64.ActiveCfg = Release|x64
		{3B4F52AA-1002-4E2C-A63C-AA77729B67D1}.Release|x64.Build.0 = Release|x64
		{3B4F52AA-1002-4E2C-A63C-AA77729B67D1}.Release|x86.ActiveCfg = Release|Win32
		{3B4F52AA-1002-4E2C-A63C-AA77729B67D1}.Release|x86.Build.0 = Release|Win32
		{7B0A7AF8-F24B-458E-AE04-53D14BDB4A0C}.Debug|x64.ActiveCfg = Debug|x64
		{7B0A7AF8-F24B-458E-AE04-53D14BDB4A0C}.Debug|x64.Build.0 = Debug|x64
		{7B0A7AF8-F24B-458E-AE04-53D14BDB4A0C}.Debug|x86.ActiveCfg = Debug|Win32
		{7B0A7AF8-F24B-458E-AE04-53D14BDB4A0C}.Debug|x86.Build.0 = Debug|Win32
		{7B0A7AF8-F24B-458E-AE04-53D14BDB4A0C}.Release|x64.ActiveCfg = Release|x64
		{7B0A7AF8-F24B-458E-AE04-53D14BDB4A0C}.Release|x64.Build.0 = Release|x64
		{7B0A7AF8-F24B-458E-AE04-53D14BDB4A0C}.Release|x86.ActiveCfg = Release|Win32
		{7B0A7AF8-F24B-458E-AE04-53D14BDB4A0C}.Release|x86.Build.0 = Release|Win32
		{5BA23E01-8600-4F43-BCBF-C56527C89C2C}.Debug|x64.ActiveCfg = Debug|x64
		{5BA23E01-8600-4F43-BCBF-C56527C89C2C}.Debug|x64.Build.0 = Debug|x64
		{5BA23E01-8600-4F43-BCBF-C56527C89C2C}.Debug|x86.ActiveCfg = Debug|Win32
		{5BA23E01-8600-4F43-BCBF-C56527C89C2C}.Debug|x86.Build.0 = Debug|Win32
		{5BA23E01-8600-4F43-BCBF-C56527C89C2C}.Release|x64.ActiveCfg = Release|x64
		{5BA23E01-8600-4F43-BCBF-C56527C89C2C}.Release|x64.Build.0 = Release|x64
		{5BA23E01-8600-4F43-BCBF-C56527C89C2C}.Release|x86.ActiveCfg = Release|Win32
		{5BA23E01-8600-4F43-BCBF-C56527C89C2C}.Release|x86.Build.0 = Release|Win32
		{B28F8732-399D-4B7E-A549-77B343ABA4A8}.Debug|x64.ActiveCfg = Debug|x64
		{B28F8732-399D-4B7E-A549-77B343ABA4A8}.Debug|x64.Build.0 = Debug|x64
		{B28F8732-399D-4B7E-A549-77B343ABA4A8}.Debug|x86.ActiveCfg = Debug|Win32
		{B28F8732-399D-4B7E-A549-77B343ABA4A8}.Debug|x86.Build.0 = Debug|Win32
		{B28F8732-399D-4B7E-A549-77B343ABA4A8}.Release|x64.ActiveCfg = Release|x64
		{B28F8732-399D-4B7E-A549-77B343ABA4A8}.Release|x64.Build.0 = Release|x64
		{B28F8732-399D-4B7E-A549-77B343ABA4A8}.Release|x86.ActiveCfg = Release|Win32
		{B28F8732-399D-4B7E-A549-77B343ABA4A8}.Release|x86.Build.0 = Release|Win32
		{BBF9B13A-47BA-48B9-B76A-32C235380AFB}.Debug|x64.ActiveCfg = Debug|x64
		{BBF9B13A-47BA-48B9-B76A-32C235380AFB}.Debug|x64.Build.0 = Debug|x64
		{BBF9B13A-47BA-48B9-B76A-32C235380AFB}.Debug|x86.ActiveCfg = Debug|Win32
		{BBF9B13A-47BA-48B9-B76A-32C235380AFB}.Debug|x86.Build.0 = Debug|Win32
		{BBF9B13A-47BA-48B9-B76A-32C235380AFB}.Release|x64.ActiveCfg = Release|x64
		{BBF9B13A-47BA-48B9-B76A-32C235380AFB}.Release|x64.Build.0 = Release|x64
		{BBF9B13A-47BA-48B9-B76A-32C235380AFB}.Release|x86.ActiveCfg = Release|Win32
		{BBF9B13A-47BA-48B9-B76A-32C235380AFB}.Release|x86.Build.0 = Release|Win32
		{4B5E7C81-8139-4A36-8975-78FD738660BC}.Debug|x64.ActiveCfg = Debug|x64
		{4B5E7C81-8139-4A36-8975-78FD738660BC}.Debug|x64.Build.0 = Debug|x64
		{4B5E7C81-8139-4A36-8975-78FD738660BC}.Debug|x86.ActiveCfg = Debug|Win32
		{4B5E7C81-8139-4A36-8975-78FD738660BC}.Debug|x86.Build.0 = Debug|Win32
		{4B5E7C81-8139-4A36-8975-78FD738660BC}.Release|x64.ActiveCfg = Release|x64
		{4B5E7C81-8139-4A36-8975-78FD738660BC}.Release|x64.Build.0 = Release|x64
		{4B5E7C81-8139-4A36-8975-78FD738660BC}.Release|x86.ActiveCfg = Release|Win32
		{4B5E7C81-8139-4A36-8975-78FD738660BC}.Release|x86.Build.0 = Release|Win32
		{033AE074-F1D8-4F80-841D-FFF345DFEC44}.Debug|x64.ActiveCfg = Debug|x64
		{033AE074-F1D8-4F80-841D-FFF345DFEC44}.Debug|x64.Build.0 = Debug|x64
		{033AE074-F1D8-4F80-841D-FFF345DFEC44}.Debug|x86.ActiveCfg = Debug|Win32
		{033AE074-F1D8-4F80-841D-FFF345DFEC44}.Debug|x86.Build.0 = Debug|Win32
		{033AE074-F1D8-4F80-841D-FFF345DFEC44}.Release|x64.ActiveCfg = Release|x64
		{033AE074-F1D8-4F80-841D-FFF345DFEC44}.Release|x64.Build.0 = Release|x64
		{033AE074-F1D8-4F80-841D-FFF345DFEC44}.Release|x86.ActiveCfg = Release|Win32
		{033AE074-F1D8-4F80-841D-FFF345DFEC44}.Release|x86.Build.0 = Release|Win32
	EndGlobalSection
	GlobalSection(SolutionProperties) = preSolution
		HideSolutionNode = FALSE
	EndGlobalSection
	GlobalSection(ExtensibilityGlobals) = postSolution
		SolutionGuid = {2656B223-33A1-466C-91EC-AAD24436CE3A}
	EndGlobalSection
EndGlobal
